Microsoft Visual Studio Solution File, Format Version 12.00
# Visual Studio Version 17
VisualStudioVersion = 17.5.2.0
MinimumVisualStudioVersion = 10.0.40219.1
Project("{FAE04EC0-301F-11D3-BF4B-00C04F79EFBC}") = "Skygate-AspNet-MVC", "Skygate-AspNet-MVC.csproj", "{774E5C7E-C93A-91B5-5E86-5B2F526826BE}"
EndProject
Global
	GlobalSection(SolutionConfigurationPlatforms) = preSolution
		Debug|Any CPU = Debug|Any CPU
		Release|Any CPU = Release|Any CPU
	EndGlobalSection
	GlobalSection(ProjectConfigurationPlatforms) = postSolution
		{774E5C7E-C93A-91B5-5E86-5B2F526826BE}.Debug|Any CPU.ActiveCfg = Debug|Any CPU
		{774E5C7E-C93A-91B5-5E86-5B2F526826BE}.Debug|Any CPU.Build.0 = Debug|Any CPU
		{774E5C7E-C93A-91B5-5E86-5B2F526826BE}.Release|Any CPU.ActiveCfg = Release|Any CPU
		{774E5C7E-C93A-91B5-5E86-5B2F526826BE}.Release|Any CPU.Build.0 = Release|Any CPU
	EndGlobalSection
	GlobalSection(SolutionProperties) = preSolution
		HideSolutionNode = FALSE
	EndGlobalSection
	GlobalSection(ExtensibilityGlobals) = postSolution
		SolutionGuid = {BA6F5A78-9F02-42A7-9919-745FDA3C3586}
	EndGlobalSection
EndGlobal
